// !$*UTF8*$!
{
	archiveVersion = 1;
	classes = {
	};
	objectVersion = 46;
	objects = {

/* Begin PBXBuildFile section */
		72CC897519B3C72700E97FFC /* Foundation.framework in Frameworks */ = {isa = PBXBuildFile; fileRef = 72CC897419B3C72600E97FFC /* Foundation.framework */; };
		72CC897719B3C72700E97FFC /* CoreGraphics.framework in Frameworks */ = {isa = PBXBuildFile; fileRef = 72CC897619B3C72700E97FFC /* CoreGraphics.framework */; };
		72CC897919B3C72700E97FFC /* UIKit.framework in Frameworks */ = {isa = PBXBuildFile; fileRef = 72CC897819B3C72700E97FFC /* UIKit.framework */; };
		72CC897F19B3C72700E97FFC /* InfoPlist.strings in Resources */ = {isa = PBXBuildFile; fileRef = 72CC897D19B3C72700E97FFC /* InfoPlist.strings */; };
		72CC898119B3C72700E97FFC /* main.m in Sources */ = {isa = PBXBuildFile; fileRef = 72CC898019B3C72700E97FFC /* main.m */; };
		72CC898519B3C72700E97FFC /* AppDelegate.m in Sources */ = {isa = PBXBuildFile; fileRef = 72CC898419B3C72700E97FFC /* AppDelegate.m */; };
		72CC898819B3C72700E97FFC /* Main.storyboard in Resources */ = {isa = PBXBuildFile; fileRef = 72CC898619B3C72700E97FFC /* Main.storyboard */; };
		72CC898B19B3C72800E97FFC /* FirstViewController.m in Sources */ = {isa = PBXBuildFile; fileRef = 72CC898A19B3C72800E97FFC /* FirstViewController.m */; };
		72CC898E19B3C72800E97FFC /* SecondViewController.m in Sources */ = {isa = PBXBuildFile; fileRef = 72CC898D19B3C72800E97FFC /* SecondViewController.m */; };
		72CC899019B3C72800E97FFC /* Images.xcassets in Resources */ = {isa = PBXBuildFile; fileRef = 72CC898F19B3C72800E97FFC /* Images.xcassets */; };
		72CC899719B3C72900E97FFC /* XCTest.framework in Frameworks */ = {isa = PBXBuildFile; fileRef = 72CC899619B3C72900E97FFC /* XCTest.framework */; };
		72CC899819B3C72900E97FFC /* Foundation.framework in Frameworks */ = {isa = PBXBuildFile; fileRef = 72CC897419B3C72600E97FFC /* Foundation.framework */; };
		72CC899919B3C72900E97FFC /* UIKit.framework in Frameworks */ = {isa = PBXBuildFile; fileRef = 72CC897819B3C72700E97FFC /* UIKit.framework */; };
		72CC89A119B3C72900E97FFC /* InfoPlist.strings in Resources */ = {isa = PBXBuildFile; fileRef = 72CC899F19B3C72900E97FFC /* InfoPlist.strings */; };
		72CC89A319B3C72900E97FFC /* outfitPlannerTests.m in Sources */ = {isa = PBXBuildFile; fileRef = 72CC89A219B3C72900E97FFC /* outfitPlannerTests.m */; };
/* End PBXBuildFile section */

/* Begin PBXContainerItemProxy section */
		72CC899A19B3C72900E97FFC /* PBXContainerItemProxy */ = {
			isa = PBXContainerItemProxy;
			containerPortal = 72CC896919B3C72600E97FFC /* Project object */;
			proxyType = 1;
			remoteGlobalIDString = 72CC897019B3C72600E97FFC;
			remoteInfo = outfitPlanner;
		};
/* End PBXContainerItemProxy section */

/* Begin PBXFileReference section */
		72CC897119B3C72600E97FFC /* outfitPlanner.app */ = {isa = PBXFileReference; explicitFileType = wrapper.application; includeInIndex = 0; path = outfitPlanner.app; sourceTree = BUILT_PRODUCTS_DIR; };
		72CC897419B3C72600E97FFC /* Foundation.framework */ = {isa = PBXFileReference; lastKnownFileType = wrapper.framework; name = Foundation.framework; path = System/Library/Frameworks/Foundation.framework; sourceTree = SDKROOT; };
		72CC897619B3C72700E97FFC /* CoreGraphics.framework */ = {isa = PBXFileReference; lastKnownFileType = wrapper.framework; name = CoreGraphics.framework; path = System/Library/Frameworks/CoreGraphics.framework; sourceTree = SDKROOT; };
		72CC897819B3C72700E97FFC /* UIKit.framework */ = {isa = PBXFileReference; lastKnownFileType = wrapper.framework; name = UIKit.framework; path = System/Library/Frameworks/UIKit.framework; sourceTree = SDKROOT; };
		72CC897C19B3C72700E97FFC /* outfitPlanner-Info.plist */ = {isa = PBXFileReference; lastKnownFileType = text.plist.xml; path = "outfitPlanner-Info.plist"; sourceTree = "<group>"; };
		72CC897E19B3C72700E97FFC /* en */ = {isa = PBXFileReference; lastKnownFileType = text.plist.strings; name = en; path = en.lproj/InfoPlist.strings; sourceTree = "<group>"; };
		72CC898019B3C72700E97FFC /* main.m */ = {isa = PBXFileReference; lastKnownFileType = sourcecode.c.objc; path = main.m; sourceTree = "<group>"; };
		72CC898219B3C72700E97FFC /* outfitPlanner-Prefix.pch */ = {isa = PBXFileReference; lastKnownFileType = sourcecode.c.h; path = "outfitPlanner-Prefix.pch"; sourceTree = "<group>"; };
		72CC898319B3C72700E97FFC /* AppDelegate.h */ = {isa = PBXFileReference; lastKnownFileType = sourcecode.c.h; path = AppDelegate.h; sourceTree = "<group>"; };
		72CC898419B3C72700E97FFC /* AppDelegate.m */ = {isa = PBXFileReference; lastKnownFileType = sourcecode.c.objc; path = AppDelegate.m; sourceTree = "<group>"; };
		72CC898719B3C72700E97FFC /* Base */ = {isa = PBXFileReference; lastKnownFileType = file.storyboard; name = Base; path = Base.lproj/Main.storyboard; sourceTree = "<group>"; };
		72CC898919B3C72700E97FFC /* FirstViewController.h */ = {isa = PBXFileReference; lastKnownFileType = sourcecode.c.h; path = FirstViewController.h; sourceTree = "<group>"; };
		72CC898A19B3C72800E97FFC /* FirstViewController.m */ = {isa = PBXFileReference; lastKnownFileType = sourcecode.c.objc; path = FirstViewController.m; sourceTree = "<group>"; };
		72CC898C19B3C72800E97FFC /* SecondViewController.h */ = {isa = PBXFileReference; lastKnownFileType = sourcecode.c.h; path = SecondViewController.h; sourceTree = "<group>"; };
		72CC898D19B3C72800E97FFC /* SecondViewController.m */ = {isa = PBXFileReference; lastKnownFileType = sourcecode.c.objc; path = SecondViewController.m; sourceTree = "<group>"; };
		72CC898F19B3C72800E97FFC /* Images.xcassets */ = {isa = PBXFileReference; lastKnownFileType = folder.assetcatalog; path = Images.xcassets; sourceTree = "<group>"; };
		72CC899519B3C72900E97FFC /* outfitPlannerTests.xctest */ = {isa = PBXFileReference; explicitFileType = wrapper.cfbundle; includeInIndex = 0; path = outfitPlannerTests.xctest; sourceTree = BUILT_PRODUCTS_DIR; };
		72CC899619B3C72900E97FFC /* XCTest.framework */ = {isa = PBXFileReference; lastKnownFileType = wrapper.framework; name = XCTest.framework; path = Library/Frameworks/XCTest.framework; sourceTree = DEVELOPER_DIR; };
		72CC899E19B3C72900E97FFC /* outfitPlannerTests-Info.plist */ = {isa = PBXFileReference; lastKnownFileType = text.plist.xml; path = "outfitPlannerTests-Info.plist"; sourceTree = "<group>"; };
		72CC89A019B3C72900E97FFC /* en */ = {isa = PBXFileReference; lastKnownFileType = text.plist.strings; name = en; path = en.lproj/InfoPlist.strings; sourceTree = "<group>"; };
		72CC89A219B3C72900E97FFC /* outfitPlannerTests.m */ = {isa = PBXFileReference; lastKnownFileType = sourcecode.c.objc; path = outfitPlannerTests.m; sourceTree = "<group>"; };
/* End PBXFileReference section */

/* Begin PBXFrameworksBuildPhase section */
		72CC896E19B3C72600E97FFC /* Frameworks */ = {
			isa = PBXFrameworksBuildPhase;
			buildActionMask = 2147483647;
			files = (
				72CC897719B3C72700E97FFC /* CoreGraphics.framework in Frameworks */,
				72CC897919B3C72700E97FFC /* UIKit.framework in Frameworks */,
				72CC897519B3C72700E97FFC /* Foundation.framework in Frameworks */,
			);
			runOnlyForDeploymentPostprocessing = 0;
		};
		72CC899219B3C72900E97FFC /* Frameworks */ = {
			isa = PBXFrameworksBuildPhase;
			buildActionMask = 2147483647;
			files = (
				72CC899719B3C72900E97FFC /* XCTest.framework in Frameworks */,
				72CC899919B3C72900E97FFC /* UIKit.framework in Frameworks */,
				72CC899819B3C72900E97FFC /* Foundation.framework in Frameworks */,
			);
			runOnlyForDeploymentPostprocessing = 0;
		};
/* End PBXFrameworksBuildPhase section */

/* Begin PBXGroup section */
		72CC896819B3C72600E97FFC = {
			isa = PBXGroup;
			children = (
				72CC897A19B3C72700E97FFC /* outfitPlanner */,
				72CC899C19B3C72900E97FFC /* outfitPlannerTests */,
				72CC897319B3C72600E97FFC /* Frameworks */,
				72CC897219B3C72600E97FFC /* Products */,
			);
			sourceTree = "<group>";
		};
		72CC897219B3C72600E97FFC /* Products */ = {
			isa = PBXGroup;
			children = (
				72CC897119B3C72600E97FFC /* outfitPlanner.app */,
				72CC899519B3C72900E97FFC /* outfitPlannerTests.xctest */,
			);
			name = Products;
			sourceTree = "<group>";
		};
		72CC897319B3C72600E97FFC /* Frameworks */ = {
			isa = PBXGroup;
			children = (
				72CC897419B3C72600E97FFC /* Foundation.framework */,
				72CC897619B3C72700E97FFC /* CoreGraphics.framework */,
				72CC897819B3C72700E97FFC /* UIKit.framework */,
				72CC899619B3C72900E97FFC /* XCTest.framework */,
			);
			name = Frameworks;
			sourceTree = "<group>";
		};
		72CC897A19B3C72700E97FFC /* outfitPlanner */ = {
			isa = PBXGroup;
			children = (
				72CC898319B3C72700E97FFC /* AppDelegate.h */,
				72CC898419B3C72700E97FFC /* AppDelegate.m */,
				72CC898619B3C72700E97FFC /* Main.storyboard */,
				72CC898919B3C72700E97FFC /* FirstViewController.h */,
				72CC898A19B3C72800E97FFC /* FirstViewController.m */,
				72CC898C19B3C72800E97FFC /* SecondViewController.h */,
				72CC898D19B3C72800E97FFC /* SecondViewController.m */,
				72CC898F19B3C72800E97FFC /* Images.xcassets */,
				72CC897B19B3C72700E97FFC /* Supporting Files */,
			);
			path = outfitPlanner;
			sourceTree = "<group>";
		};
		72CC897B19B3C72700E97FFC /* Supporting Files */ = {
			isa = PBXGroup;
			children = (
				72CC897C19B3C72700E97FFC /* outfitPlanner-Info.plist */,
				72CC897D19B3C72700E97FFC /* InfoPlist.strings */,
				72CC898019B3C72700E97FFC /* main.m */,
				72CC898219B3C72700E97FFC /* outfitPlanner-Prefix.pch */,
			);
			name = "Supporting Files";
			sourceTree = "<group>";
		};
		72CC899C19B3C72900E97FFC /* outfitPlannerTests */ = {
			isa = PBXGroup;
			children = (
				72CC89A219B3C72900E97FFC /* outfitPlannerTests.m */,
				72CC899D19B3C72900E97FFC /* Supporting Files */,
			);
			path = outfitPlannerTests;
			sourceTree = "<group>";
		};
		72CC899D19B3C72900E97FFC /* Supporting Files */ = {
			isa = PBXGroup;
			children = (
				72CC899E19B3C72900E97FFC /* outfitPlannerTests-Info.plist */,
				72CC899F19B3C72900E97FFC /* InfoPlist.strings */,
			);
			name = "Supporting Files";
			sourceTree = "<group>";
		};
/* End PBXGroup section */

/* Begin PBXNativeTarget section */
		72CC897019B3C72600E97FFC /* outfitPlanner */ = {
			isa = PBXNativeTarget;
			buildConfigurationList = 72CC89A619B3C72900E97FFC /* Build configuration list for PBXNativeTarget "outfitPlanner" */;
			buildPhases = (
				72CC896D19B3C72600E97FFC /* Sources */,
				72CC896E19B3C72600E97FFC /* Frameworks */,
				72CC896F19B3C72600E97FFC /* Resources */,
			);
			buildRules = (
			);
			dependencies = (
			);
			name = outfitPlanner;
			productName = outfitPlanner;
			productReference = 72CC897119B3C72600E97FFC /* outfitPlanner.app */;
			productType = "com.apple.product-type.application";
		};
		72CC899419B3C72900E97FFC /* outfitPlannerTests */ = {
			isa = PBXNativeTarget;
			buildConfigurationList = 72CC89A919B3C72900E97FFC /* Build configuration list for PBXNativeTarget "outfitPlannerTests" */;
			buildPhases = (
				72CC899119B3C72900E97FFC /* Sources */,
				72CC899219B3C72900E97FFC /* Frameworks */,
				72CC899319B3C72900E97FFC /* Resources */,
			);
			buildRules = (
			);
			dependencies = (
				72CC899B19B3C72900E97FFC /* PBXTargetDependency */,
			);
			name = outfitPlannerTests;
			productName = outfitPlannerTests;
			productReference = 72CC899519B3C72900E97FFC /* outfitPlannerTests.xctest */;
			productType = "com.apple.product-type.bundle.unit-test";
		};
/* End PBXNativeTarget section */

/* Begin PBXProject section */
		72CC896919B3C72600E97FFC /* Project object */ = {
			isa = PBXProject;
			attributes = {
				LastUpgradeCheck = 0510;
				ORGANIZATIONNAME = "Simple programmer";
				TargetAttributes = {
					72CC899419B3C72900E97FFC = {
						TestTargetID = 72CC897019B3C72600E97FFC;
					};
				};
			};
			buildConfigurationList = 72CC896C19B3C72600E97FFC /* Build configuration list for PBXProject "outfitPlanner" */;
			compatibilityVersion = "Xcode 3.2";
			developmentRegion = English;
			hasScannedForEncodings = 0;
			knownRegions = (
				en,
				Base,
			);
			mainGroup = 72CC896819B3C72600E97FFC;
			productRefGroup = 72CC897219B3C72600E97FFC /* Products */;
			projectDirPath = "";
			projectRoot = "";
			targets = (
				72CC897019B3C72600E97FFC /* outfitPlanner */,
				72CC899419B3C72900E97FFC /* outfitPlannerTests */,
			);
		};
/* End PBXProject section */

/* Begin PBXResourcesBuildPhase section */
		72CC896F19B3C72600E97FFC /* Resources */ = {
			isa = PBXResourcesBuildPhase;
			buildActionMask = 2147483647;
			files = (
				72CC899019B3C72800E97FFC /* Images.xcassets in Resources */,
				72CC897F19B3C72700E97FFC /* InfoPlist.strings in Resources */,
				72CC898819B3C72700E97FFC /* Main.storyboard in Resources */,
			);
			runOnlyForDeploymentPostprocessing = 0;
		};
		72CC899319B3C72900E97FFC /* Resources */ = {
			isa = PBXResourcesBuildPhase;
			buildActionMask = 2147483647;
			files = (
				72CC89A119B3C72900E97FFC /* InfoPlist.strings in Resources */,
			);
			runOnlyForDeploymentPostprocessing = 0;
		};
/* End PBXResourcesBuildPhase section */

/* Begin PBXSourcesBuildPhase section */
		72CC896D19B3C72600E97FFC /* Sources */ = {
			isa = PBXSourcesBuildPhase;
			buildActionMask = 2147483647;
			files = (
				72CC898E19B3C72800E97FFC /* SecondViewController.m in Sources */,
				72CC898519B3C72700E97FFC /* AppDelegate.m in Sources */,
				72CC898B19B3C72800E97FFC /* FirstViewController.m in Sources */,
				72CC898119B3C72700E97FFC /* main.m in Sources */,
			);
			runOnlyForDeploymentPostprocessing = 0;
		};
		72CC899119B3C72900E97FFC /* Sources */ = {
			isa = PBXSourcesBuildPhase;
			buildActionMask = 2147483647;
			files = (
				72CC89A319B3C72900E97FFC /* outfitPlannerTests.m in Sources */,
			);
			runOnlyForDeploymentPostprocessing = 0;
		};
/* End PBXSourcesBuildPhase section */

/* Begin PBXTargetDependency section */
		72CC899B19B3C72900E97FFC /* PBXTargetDependency */ = {
			isa = PBXTargetDependency;
			target = 72CC897019B3C72600E97FFC /* outfitPlanner */;
			targetProxy = 72CC899A19B3C72900E97FFC /* PBXContainerItemProxy */;
		};
/* End PBXTargetDependency section */

/* Begin PBXVariantGroup section */
		72CC897D19B3C72700E97FFC /* InfoPlist.strings */ = {
			isa = PBXVariantGroup;
			children = (
				72CC897E19B3C72700E97FFC /* en */,
			);
			name = InfoPlist.strings;
			sourceTree = "<group>";
		};
		72CC898619B3C72700E97FFC /* Main.storyboard */ = {
			isa = PBXVariantGroup;
			children = (
				72CC898719B3C72700E97FFC /* Base */,
			);
			name = Main.storyboard;
			sourceTree = "<group>";
		};
		72CC899F19B3C72900E97FFC /* InfoPlist.strings */ = {
			isa = PBXVariantGroup;
			children = (
				72CC89A019B3C72900E97FFC /* en */,
			);
			name = InfoPlist.strings;
			sourceTree = "<group>";
		};
/* End PBXVariantGroup section */

/* Begin XCBuildConfiguration section */
		72CC89A419B3C72900E97FFC /* Debug */ = {
			isa = XCBuildConfiguration;
			buildSettings = {
				ALWAYS_SEARCH_USER_PATHS = NO;
				CLANG_CXX_LANGUAGE_STANDARD = "gnu++0x";
				CLANG_CXX_LIBRARY = "libc++";
				CLANG_ENABLE_MODULES = YES;
				CLANG_ENABLE_OBJC_ARC = YES;
				CLANG_WARN_BOOL_CONVERSION = YES;
				CLANG_WARN_CONSTANT_CONVERSION = YES;
				CLANG_WARN_DIRECT_OBJC_ISA_USAGE = YES_ERROR;
				CLANG_WARN_EMPTY_BODY = YES;
				CLANG_WARN_ENUM_CONVERSION = YES;
				CLANG_WARN_INT_CONVERSION = YES;
				CLANG_WARN_OBJC_ROOT_CLASS = YES_ERROR;
				CLANG_WARN__DUPLICATE_METHOD_MATCH = YES;
				"CODE_SIGN_IDENTITY[sdk=iphoneos*]" = "iPhone Developer";
				COPY_PHASE_STRIP = NO;
				GCC_C_LANGUAGE_STANDARD = gnu99;
				GCC_DYNAMIC_NO_PIC = NO;
				GCC_OPTIMIZATION_LEVEL = 0;
				GCC_PREPROCESSOR_DEFINITIONS = (
					"DEBUG=1",
					"$(inherited)",
				);
				GCC_SYMBOLS_PRIVATE_EXTERN = NO;
				GCC_WARN_64_TO_32_BIT_CONVERSION = YES;
				GCC_WARN_ABOUT_RETURN_TYPE = YES_ERROR;
				GCC_WARN_UNDECLARED_SELECTOR = YES;
				GCC_WARN_UNINITIALIZED_AUTOS = YES_AGGRESSIVE;
				GCC_WARN_UNUSED_FUNCTION = YES;
				GCC_WARN_UNUSED_VARIABLE = YES;
				IPHONEOS_DEPLOYMENT_TARGET = 7.1;
				ONLY_ACTIVE_ARCH = YES;
				SDKROOT = iphoneos;
			};
			name = Debug;
		};
		72CC89A519B3C72900E97FFC /* Release */ = {
			isa = XCBuildConfiguration;
			buildSettings = {
				ALWAYS_SEARCH_USER_PATHS = NO;
				CLANG_CXX_LANGUAGE_STANDARD = "gnu++0x";
				CLANG_CXX_LIBRARY = "libc++";
				CLANG_ENABLE_MODULES = YES;
				CLANG_ENABLE_OBJC_ARC = YES;
				CLANG_WARN_BOOL_CONVERSION = YES;
				CLANG_WARN_CONSTANT_CONVERSION = YES;
				CLANG_WARN_DIRECT_OBJC_ISA_USAGE = YES_ERROR;
				CLANG_WARN_EMPTY_BODY = YES;
				CLANG_WARN_ENUM_CONVERSION = YES;
				CLANG_WARN_INT_CONVERSION = YES;
				CLANG_WARN_OBJC_ROOT_CLASS = YES_ERROR;
				CLANG_WARN__DUPLICATE_METHOD_MATCH = YES;
				"CODE_SIGN_IDENTITY[sdk=iphoneos*]" = "iPhone Developer";
				COPY_PHASE_STRIP = YES;
				ENABLE_NS_ASSERTIONS = NO;
				GCC_C_LANGUAGE_STANDARD = gnu99;
				GCC_WARN_64_TO_32_BIT_CONVERSION = YES;
				GCC_WARN_ABOUT_RETURN_TYPE = YES_ERROR;
				GCC_WARN_UNDECLARED_SELECTOR = YES;
				GCC_WARN_UNINITIALIZED_AUTOS = YES_AGGRESSIVE;
				GCC_WARN_UNUSED_FUNCTION = YES;
				GCC_WARN_UNUSED_VARIABLE = YES;
				IPHONEOS_DEPLOYMENT_TARGET = 7.1;
				SDKROOT = iphoneos;
				VALIDATE_PRODUCT = YES;
			};
			name = Release;
		};
		72CC89A719B3C72900E97FFC /* Debug */ = {
			isa = XCBuildConfiguration;
			buildSettings = {
				ASSETCATALOG_COMPILER_APPICON_NAME = AppIcon;
				ASSETCATALOG_COMPILER_LAUNCHIMAGE_NAME = LaunchImage;
				GCC_PRECOMPILE_PREFIX_HEADER = YES;
				GCC_PREFIX_HEADER = "outfitPlanner/outfitPlanner-Prefix.pch";
				INFOPLIST_FILE = "outfitPlanner/outfitPlanner-Info.plist";
				PRODUCT_NAME = "$(TARGET_NAME)";
				WRAPPER_EXTENSION = app;
			};
			name = Debug;
		};
		72CC89A819B3C72900E97FFC /* Release */ = {
			isa = XCBuildConfiguration;
			buildSettings = {
				ASSETCATALOG_COMPILER_APPICON_NAME = AppIcon;
				ASSETCATALOG_COMPILER_LAUNCHIMAGE_NAME = LaunchImage;
				GCC_PRECOMPILE_PREFIX_HEADER = YES;
				GCC_PREFIX_HEADER = "outfitPlanner/outfitPlanner-Prefix.pch";
				INFOPLIST_FILE = "outfitPlanner/outfitPlanner-Info.plist";
				PRODUCT_NAME = "$(TARGET_NAME)";
				WRAPPER_EXTENSION = app;
			};
			name = Release;
		};
		72CC89AA19B3C72900E97FFC /* Debug */ = {
			isa = XCBuildConfiguration;
			buildSettings = {
				BUNDLE_LOADER = "$(BUILT_PRODUCTS_DIR)/outfitPlanner.app/outfitPlanner";
				FRAMEWORK_SEARCH_PATHS = (
					"$(SDKROOT)/Developer/Library/Frameworks",
					"$(inherited)",
					"$(DEVELOPER_FRAMEWORKS_DIR)",
				);
				GCC_PRECOMPILE_PREFIX_HEADER = YES;
				GCC_PREFIX_HEADER = "outfitPlanner/outfitPlanner-Prefix.pch";
				GCC_PREPROCESSOR_DEFINITIONS = (
					"DEBUG=1",
					"$(inherited)",
				);
				INFOPLIST_FILE = "outfitPlannerTests/outfitPlannerTests-Info.plist";
				PRODUCT_NAME = "$(TARGET_NAME)";
				TEST_HOST = "$(BUNDLE_LOADER)";
				WRAPPER_EXTENSION = xctest;
			};
			name = Debug;
		};
		72CC89AB19B3C72900E97FFC /* Release */ = {
			isa = XCBuildConfiguration;
			buildSettings = {
				BUNDLE_LOADER = "$(BUILT_PRODUCTS_DIR)/outfitPlanner.app/outfitPlanner";
				FRAMEWORK_SEARCH_PATHS = (
					"$(SDKROOT)/Developer/Library/Frameworks",
					"$(inherited)",
					"$(DEVELOPER_FRAMEWORKS_DIR)",
				);
				GCC_PRECOMPILE_PREFIX_HEADER = YES;
				GCC_PREFIX_HEADER = "outfitPlanner/outfitPlanner-Prefix.pch";
				INFOPLIST_FILE = "outfitPlannerTests/outfitPlannerTests-Info.plist";
				PRODUCT_NAME = "$(TARGET_NAME)";
				TEST_HOST = "$(BUNDLE_LOADER)";
				WRAPPER_EXTENSION = xctest;
			};
			name = Release;
		};
/* End XCBuildConfiguration section */

/* Begin XCConfigurationList section */
		72CC896C19B3C72600E97FFC /* Build configuration list for PBXProject "outfitPlanner" */ = {
			isa = XCConfigurationList;
			buildConfigurations = (
				72CC89A419B3C72900E97FFC /* Debug */,
				72CC89A519B3C72900E97FFC /* Release */,
			);
			defaultConfigurationIsVisible = 0;
			defaultConfigurationName = Release;
		};
		72CC89A619B3C72900E97FFC /* Build configuration list for PBXNativeTarget "outfitPlanner" */ = {
			isa = XCConfigurationList;
			buildConfigurations = (
				72CC89A719B3C72900E97FFC /* Debug */,
				72CC89A819B3C72900E97FFC /* Release */,
			);
			defaultConfigurationIsVisible = 0;
		};
		72CC89A919B3C72900E97FFC /* Build configuration list for PBXNativeTarget "outfitPlannerTests" */ = {
			isa = XCConfigurationList;
			buildConfigurations = (
				72CC89AA19B3C72900E97FFC /* Debug */,
				72CC89AB19B3C72900E97FFC /* Release */,
			);
			defaultConfigurationIsVisible = 0;
		};
/* End XCConfigurationList section */
	};
	rootObject = 72CC896919B3C72600E97FFC /* Project object */;
}
