// !$*UTF8*$!
{
	archiveVersion = 1;
	classes = {
	};
	objectVersion = 46;
	objects = {

/* Begin PBXBuildFile section */
		72084B7C1A1F5BE300D9E37E /* FAKEMyTreatmentViewController.m in Sources */ = {isa = PBXBuildFile; fileRef = 72084B7B1A1F5BE300D9E37E /* FAKEMyTreatmentViewController.m */; };
		72084B7E1A1F5E3600D9E37E /* elbowPT.jpg in Resources */ = {isa = PBXBuildFile; fileRef = 72084B7D1A1F5E3600D9E37E /* elbowPT.jpg */; };
		72084B801A1F5E4F00D9E37E /* elbowCortisone.jpg in Resources */ = {isa = PBXBuildFile; fileRef = 72084B7F1A1F5E4F00D9E37E /* elbowCortisone.jpg */; };
		7229A67C1A15CE4C0027E510 /* main.m in Sources */ = {isa = PBXBuildFile; fileRef = 7229A67B1A15CE4C0027E510 /* main.m */; };
		7229A67F1A15CE4C0027E510 /* AppDelegate.m in Sources */ = {isa = PBXBuildFile; fileRef = 7229A67E1A15CE4C0027E510 /* AppDelegate.m */; };
		7229A6821A15CE4C0027E510 /* FirstViewController.m in Sources */ = {isa = PBXBuildFile; fileRef = 7229A6811A15CE4C0027E510 /* FirstViewController.m */; };
		7229A6851A15CE4C0027E510 /* SecondViewController.m in Sources */ = {isa = PBXBuildFile; fileRef = 7229A6841A15CE4C0027E510 /* SecondViewController.m */; };
		7229A6881A15CE4C0027E510 /* Main.storyboard in Resources */ = {isa = PBXBuildFile; fileRef = 7229A6861A15CE4C0027E510 /* Main.storyboard */; };
		7229A68A1A15CE4C0027E510 /* Images.xcassets in Resources */ = {isa = PBXBuildFile; fileRef = 7229A6891A15CE4C0027E510 /* Images.xcassets */; };
		7229A68D1A15CE4C0027E510 /* LaunchScreen.xib in Resources */ = {isa = PBXBuildFile; fileRef = 7229A68B1A15CE4C0027E510 /* LaunchScreen.xib */; };
		7229A6991A15CE4D0027E510 /* CrowdMDTests.m in Sources */ = {isa = PBXBuildFile; fileRef = 7229A6981A15CE4D0027E510 /* CrowdMDTests.m */; };
		7229A6A41A15D1E50027E510 /* InjuryTableCell.m in Sources */ = {isa = PBXBuildFile; fileRef = 7229A6A31A15D1E50027E510 /* InjuryTableCell.m */; };
		7229A6AA1A15D78F0027E510 /* InjuryTableController.m in Sources */ = {isa = PBXBuildFile; fileRef = 7229A6A91A15D78F0027E510 /* InjuryTableController.m */; };
		725EF9481A1A7B65004BC94D /* Injury.m in Sources */ = {isa = PBXBuildFile; fileRef = 725EF9471A1A7B65004BC94D /* Injury.m */; };
		725EF94B1A1A7CA8004BC94D /* InjuryDetailViewController.m in Sources */ = {isa = PBXBuildFile; fileRef = 725EF94A1A1A7CA8004BC94D /* InjuryDetailViewController.m */; };
		725EF9531A1A8AEF004BC94D /* MyTreatmentTableCell.m in Sources */ = {isa = PBXBuildFile; fileRef = 725EF9521A1A8AEF004BC94D /* MyTreatmentTableCell.m */; };
		725EF9561A1A8B76004BC94D /* MyTreatmentDetailViewController.m in Sources */ = {isa = PBXBuildFile; fileRef = 725EF9551A1A8B76004BC94D /* MyTreatmentDetailViewController.m */; };
		725EF9591A1A953E004BC94D /* Treatment.m in Sources */ = {isa = PBXBuildFile; fileRef = 725EF9581A1A953E004BC94D /* Treatment.m */; };
		725EF95C1A1A96D5004BC94D /* MyTreatment.m in Sources */ = {isa = PBXBuildFile; fileRef = 725EF95B1A1A96D5004BC94D /* MyTreatment.m */; };
		729502F01A1F3E40008A8A8B /* MyTreatmentInfoViewController.m in Sources */ = {isa = PBXBuildFile; fileRef = 729502EF1A1F3E40008A8A8B /* MyTreatmentInfoViewController.m */; };
		72A973831A1C72C0004F61CC /* MyTreatmentViewController.m in Sources */ = {isa = PBXBuildFile; fileRef = 72A973821A1C72C0004F61CC /* MyTreatmentViewController.m */; };
		72B33EEA1A1F60C20037D8D4 /* FAKEMyTreatmentTableViewCell.m in Sources */ = {isa = PBXBuildFile; fileRef = 72B33EE91A1F60C20037D8D4 /* FAKEMyTreatmentTableViewCell.m */; };
		72FFC5C01A1D80D500657B36 /* InfoPlist.strings in Resources */ = {isa = PBXBuildFile; fileRef = 72FFC5AC1A1D80D500657B36 /* InfoPlist.strings */; };
		72FFC5C21A1D80D500657B36 /* LICENSE in Resources */ = {isa = PBXBuildFile; fileRef = 72FFC5B01A1D80D500657B36 /* LICENSE */; };
		72FFC5C41A1D80D500657B36 /* README in Resources */ = {isa = PBXBuildFile; fileRef = 72FFC5B21A1D80D500657B36 /* README */; };
		72FFC5C51A1D80D500657B36 /* star.png in Resources */ = {isa = PBXBuildFile; fileRef = 72FFC5B31A1D80D500657B36 /* star.png */; };
		72FFC5C61A1D80D500657B36 /* star.psd in Resources */ = {isa = PBXBuildFile; fileRef = 72FFC5B41A1D80D500657B36 /* star.psd */; };
		72FFC5C71A1D80D500657B36 /* star@2x.png in Resources */ = {isa = PBXBuildFile; fileRef = 72FFC5B51A1D80D500657B36 /* star@2x.png */; };
		72FFC5C81A1D80D500657B36 /* star_highlighted.png in Resources */ = {isa = PBXBuildFile; fileRef = 72FFC5B61A1D80D500657B36 /* star_highlighted.png */; };
		72FFC5C91A1D80D500657B36 /* star_highlighted@2x.png in Resources */ = {isa = PBXBuildFile; fileRef = 72FFC5B71A1D80D500657B36 /* star_highlighted@2x.png */; };
		72FFC5CA1A1D80D500657B36 /* StarRating-Info.plist in Resources */ = {isa = PBXBuildFile; fileRef = 72FFC5B81A1D80D500657B36 /* StarRating-Info.plist */; };
		72FFC5CB1A1D80D500657B36 /* StarRatingControl.m in Sources */ = {isa = PBXBuildFile; fileRef = 72FFC5BB1A1D80D500657B36 /* StarRatingControl.m */; };
		72FFC5CC1A1D80D500657B36 /* TFAppDelegate.m in Sources */ = {isa = PBXBuildFile; fileRef = 72FFC5BD1A1D80D500657B36 /* TFAppDelegate.m */; };
		72FFC5CD1A1D80D500657B36 /* TFViewController.m in Sources */ = {isa = PBXBuildFile; fileRef = 72FFC5BF1A1D80D500657B36 /* TFViewController.m */; };
		7D371CD61A1F568E0006ADBA /* Stars_0.png in Resources */ = {isa = PBXBuildFile; fileRef = 7D371CD01A1F568E0006ADBA /* Stars_0.png */; };
		7D371CD71A1F568E0006ADBA /* Stars_1.png in Resources */ = {isa = PBXBuildFile; fileRef = 7D371CD11A1F568E0006ADBA /* Stars_1.png */; };
		7D371CD81A1F568E0006ADBA /* Stars_2.png in Resources */ = {isa = PBXBuildFile; fileRef = 7D371CD21A1F568E0006ADBA /* Stars_2.png */; };
		7D371CD91A1F568E0006ADBA /* Stars_3.png in Resources */ = {isa = PBXBuildFile; fileRef = 7D371CD31A1F568E0006ADBA /* Stars_3.png */; };
		7D371CDA1A1F568E0006ADBA /* Stars_4.png in Resources */ = {isa = PBXBuildFile; fileRef = 7D371CD41A1F568E0006ADBA /* Stars_4.png */; };
		7D371CDB1A1F568E0006ADBA /* Stars_5.png in Resources */ = {isa = PBXBuildFile; fileRef = 7D371CD51A1F568E0006ADBA /* Stars_5.png */; };
/* End PBXBuildFile section */

/* Begin PBXContainerItemProxy section */
		7229A6931A15CE4D0027E510 /* PBXContainerItemProxy */ = {
			isa = PBXContainerItemProxy;
			containerPortal = 7229A66E1A15CE4C0027E510 /* Project object */;
			proxyType = 1;
			remoteGlobalIDString = 7229A6751A15CE4C0027E510;
			remoteInfo = CrowdMD;
		};
/* End PBXContainerItemProxy section */

/* Begin PBXFileReference section */
		72084B7A1A1F5BE300D9E37E /* FAKEMyTreatmentViewController.h */ = {isa = PBXFileReference; fileEncoding = 4; lastKnownFileType = sourcecode.c.h; path = FAKEMyTreatmentViewController.h; sourceTree = "<group>"; };
		72084B7B1A1F5BE300D9E37E /* FAKEMyTreatmentViewController.m */ = {isa = PBXFileReference; fileEncoding = 4; lastKnownFileType = sourcecode.c.objc; path = FAKEMyTreatmentViewController.m; sourceTree = "<group>"; };
		72084B7D1A1F5E3600D9E37E /* elbowPT.jpg */ = {isa = PBXFileReference; lastKnownFileType = image.jpeg; name = elbowPT.jpg; path = Images.xcassets/elbowPT.jpg; sourceTree = "<group>"; };
		72084B7F1A1F5E4F00D9E37E /* elbowCortisone.jpg */ = {isa = PBXFileReference; lastKnownFileType = image.jpeg; name = elbowCortisone.jpg; path = Images.xcassets/elbowCortisone.jpg; sourceTree = "<group>"; };
		7229A6761A15CE4C0027E510 /* CrowdMD.app */ = {isa = PBXFileReference; explicitFileType = wrapper.application; includeInIndex = 0; path = CrowdMD.app; sourceTree = BUILT_PRODUCTS_DIR; };
		7229A67A1A15CE4C0027E510 /* Info.plist */ = {isa = PBXFileReference; lastKnownFileType = text.plist.xml; path = Info.plist; sourceTree = "<group>"; };
		7229A67B1A15CE4C0027E510 /* main.m */ = {isa = PBXFileReference; lastKnownFileType = sourcecode.c.objc; path = main.m; sourceTree = "<group>"; };
		7229A67D1A15CE4C0027E510 /* AppDelegate.h */ = {isa = PBXFileReference; lastKnownFileType = sourcecode.c.h; path = AppDelegate.h; sourceTree = "<group>"; };
		7229A67E1A15CE4C0027E510 /* AppDelegate.m */ = {isa = PBXFileReference; lastKnownFileType = sourcecode.c.objc; path = AppDelegate.m; sourceTree = "<group>"; };
		7229A6801A15CE4C0027E510 /* FirstViewController.h */ = {isa = PBXFileReference; lastKnownFileType = sourcecode.c.h; path = FirstViewController.h; sourceTree = "<group>"; };
		7229A6811A15CE4C0027E510 /* FirstViewController.m */ = {isa = PBXFileReference; lastKnownFileType = sourcecode.c.objc; path = FirstViewController.m; sourceTree = "<group>"; };
		7229A6831A15CE4C0027E510 /* SecondViewController.h */ = {isa = PBXFileReference; lastKnownFileType = sourcecode.c.h; path = SecondViewController.h; sourceTree = "<group>"; };
		7229A6841A15CE4C0027E510 /* SecondViewController.m */ = {isa = PBXFileReference; lastKnownFileType = sourcecode.c.objc; path = SecondViewController.m; sourceTree = "<group>"; };
		7229A6871A15CE4C0027E510 /* Base */ = {isa = PBXFileReference; lastKnownFileType = file.storyboard; name = Base; path = Base.lproj/Main.storyboard; sourceTree = "<group>"; };
		7229A6891A15CE4C0027E510 /* Images.xcassets */ = {isa = PBXFileReference; lastKnownFileType = folder.assetcatalog; path = Images.xcassets; sourceTree = "<group>"; };
		7229A68C1A15CE4C0027E510 /* Base */ = {isa = PBXFileReference; lastKnownFileType = file.xib; name = Base; path = Base.lproj/LaunchScreen.xib; sourceTree = "<group>"; };
		7229A6921A15CE4D0027E510 /* CrowdMDTests.xctest */ = {isa = PBXFileReference; explicitFileType = wrapper.cfbundle; includeInIndex = 0; path = CrowdMDTests.xctest; sourceTree = BUILT_PRODUCTS_DIR; };
		7229A6971A15CE4D0027E510 /* Info.plist */ = {isa = PBXFileReference; lastKnownFileType = text.plist.xml; path = Info.plist; sourceTree = "<group>"; };
		7229A6981A15CE4D0027E510 /* CrowdMDTests.m */ = {isa = PBXFileReference; lastKnownFileType = sourcecode.c.objc; path = CrowdMDTests.m; sourceTree = "<group>"; };
		7229A6A21A15D1E50027E510 /* InjuryTableCell.h */ = {isa = PBXFileReference; fileEncoding = 4; lastKnownFileType = sourcecode.c.h; path = InjuryTableCell.h; sourceTree = "<group>"; };
		7229A6A31A15D1E50027E510 /* InjuryTableCell.m */ = {isa = PBXFileReference; fileEncoding = 4; lastKnownFileType = sourcecode.c.objc; path = InjuryTableCell.m; sourceTree = "<group>"; };
		7229A6A81A15D78E0027E510 /* InjuryTableController.h */ = {isa = PBXFileReference; fileEncoding = 4; lastKnownFileType = sourcecode.c.h; path = InjuryTableController.h; sourceTree = "<group>"; };
		7229A6A91A15D78F0027E510 /* InjuryTableController.m */ = {isa = PBXFileReference; fileEncoding = 4; lastKnownFileType = sourcecode.c.objc; path = InjuryTableController.m; sourceTree = "<group>"; };
		725EF9461A1A7B65004BC94D /* Injury.h */ = {isa = PBXFileReference; fileEncoding = 4; lastKnownFileType = sourcecode.c.h; path = Injury.h; sourceTree = "<group>"; };
		725EF9471A1A7B65004BC94D /* Injury.m */ = {isa = PBXFileReference; fileEncoding = 4; lastKnownFileType = sourcecode.c.objc; path = Injury.m; sourceTree = "<group>"; };
		725EF9491A1A7CA8004BC94D /* InjuryDetailViewController.h */ = {isa = PBXFileReference; fileEncoding = 4; lastKnownFileType = sourcecode.c.h; path = InjuryDetailViewController.h; sourceTree = "<group>"; };
		725EF94A1A1A7CA8004BC94D /* InjuryDetailViewController.m */ = {isa = PBXFileReference; fileEncoding = 4; lastKnownFileType = sourcecode.c.objc; path = InjuryDetailViewController.m; sourceTree = "<group>"; };
		725EF9511A1A8AEF004BC94D /* MyTreatmentTableCell.h */ = {isa = PBXFileReference; fileEncoding = 4; lastKnownFileType = sourcecode.c.h; path = MyTreatmentTableCell.h; sourceTree = "<group>"; };
		725EF9521A1A8AEF004BC94D /* MyTreatmentTableCell.m */ = {isa = PBXFileReference; fileEncoding = 4; lastKnownFileType = sourcecode.c.objc; path = MyTreatmentTableCell.m; sourceTree = "<group>"; };
		725EF9541A1A8B76004BC94D /* MyTreatmentDetailViewController.h */ = {isa = PBXFileReference; fileEncoding = 4; lastKnownFileType = sourcecode.c.h; path = MyTreatmentDetailViewController.h; sourceTree = "<group>"; };
		725EF9551A1A8B76004BC94D /* MyTreatmentDetailViewController.m */ = {isa = PBXFileReference; fileEncoding = 4; lastKnownFileType = sourcecode.c.objc; path = MyTreatmentDetailViewController.m; sourceTree = "<group>"; };
		725EF9571A1A953E004BC94D /* Treatment.h */ = {isa = PBXFileReference; fileEncoding = 4; lastKnownFileType = sourcecode.c.h; path = Treatment.h; sourceTree = "<group>"; };
		725EF9581A1A953E004BC94D /* Treatment.m */ = {isa = PBXFileReference; fileEncoding = 4; lastKnownFileType = sourcecode.c.objc; path = Treatment.m; sourceTree = "<group>"; };
		725EF95A1A1A96D5004BC94D /* MyTreatment.h */ = {isa = PBXFileReference; fileEncoding = 4; lastKnownFileType = sourcecode.c.h; path = MyTreatment.h; sourceTree = "<group>"; };
		725EF95B1A1A96D5004BC94D /* MyTreatment.m */ = {isa = PBXFileReference; fileEncoding = 4; lastKnownFileType = sourcecode.c.objc; path = MyTreatment.m; sourceTree = "<group>"; };
		729502EE1A1F3E40008A8A8B /* MyTreatmentInfoViewController.h */ = {isa = PBXFileReference; fileEncoding = 4; lastKnownFileType = sourcecode.c.h; path = MyTreatmentInfoViewController.h; sourceTree = "<group>"; };
		729502EF1A1F3E40008A8A8B /* MyTreatmentInfoViewController.m */ = {isa = PBXFileReference; fileEncoding = 4; lastKnownFileType = sourcecode.c.objc; path = MyTreatmentInfoViewController.m; sourceTree = "<group>"; };
		72A973811A1C72C0004F61CC /* MyTreatmentViewController.h */ = {isa = PBXFileReference; fileEncoding = 4; lastKnownFileType = sourcecode.c.h; path = MyTreatmentViewController.h; sourceTree = "<group>"; };
		72A973821A1C72C0004F61CC /* MyTreatmentViewController.m */ = {isa = PBXFileReference; fileEncoding = 4; lastKnownFileType = sourcecode.c.objc; path = MyTreatmentViewController.m; sourceTree = "<group>"; };
		72B33EE81A1F60C20037D8D4 /* FAKEMyTreatmentTableViewCell.h */ = {isa = PBXFileReference; fileEncoding = 4; lastKnownFileType = sourcecode.c.h; path = FAKEMyTreatmentTableViewCell.h; sourceTree = "<group>"; };
		72B33EE91A1F60C20037D8D4 /* FAKEMyTreatmentTableViewCell.m */ = {isa = PBXFileReference; fileEncoding = 4; lastKnownFileType = sourcecode.c.objc; path = FAKEMyTreatmentTableViewCell.m; sourceTree = "<group>"; };
		72FFC5AD1A1D80D500657B36 /* en */ = {isa = PBXFileReference; lastKnownFileType = text.plist.strings; name = en; path = en.lproj/InfoPlist.strings; sourceTree = "<group>"; };
		72FFC5B01A1D80D500657B36 /* LICENSE */ = {isa = PBXFileReference; fileEncoding = 4; lastKnownFileType = text; path = LICENSE; sourceTree = "<group>"; };
		72FFC5B21A1D80D500657B36 /* README */ = {isa = PBXFileReference; fileEncoding = 4; lastKnownFileType = text; path = README; sourceTree = "<group>"; };
		72FFC5B31A1D80D500657B36 /* star.png */ = {isa = PBXFileReference; lastKnownFileType = image.png; path = star.png; sourceTree = "<group>"; };
		72FFC5B41A1D80D500657B36 /* star.psd */ = {isa = PBXFileReference; lastKnownFileType = file; path = star.psd; sourceTree = "<group>"; };
		72FFC5B51A1D80D500657B36 /* star@2x.png */ = {isa = PBXFileReference; lastKnownFileType = image.png; path = "star@2x.png"; sourceTree = "<group>"; };
		72FFC5B61A1D80D500657B36 /* star_highlighted.png */ = {isa = PBXFileReference; lastKnownFileType = image.png; path = star_highlighted.png; sourceTree = "<group>"; };
		72FFC5B71A1D80D500657B36 /* star_highlighted@2x.png */ = {isa = PBXFileReference; lastKnownFileType = image.png; path = "star_highlighted@2x.png"; sourceTree = "<group>"; };
		72FFC5B81A1D80D500657B36 /* StarRating-Info.plist */ = {isa = PBXFileReference; fileEncoding = 4; lastKnownFileType = text.plist.xml; path = "StarRating-Info.plist"; sourceTree = "<group>"; };
		72FFC5B91A1D80D500657B36 /* StarRating-Prefix.pch */ = {isa = PBXFileReference; fileEncoding = 4; lastKnownFileType = sourcecode.c.h; path = "StarRating-Prefix.pch"; sourceTree = "<group>"; };
		72FFC5BA1A1D80D500657B36 /* StarRatingControl.h */ = {isa = PBXFileReference; fileEncoding = 4; lastKnownFileType = sourcecode.c.h; path = StarRatingControl.h; sourceTree = "<group>"; };
		72FFC5BB1A1D80D500657B36 /* StarRatingControl.m */ = {isa = PBXFileReference; fileEncoding = 4; lastKnownFileType = sourcecode.c.objc; path = StarRatingControl.m; sourceTree = "<group>"; };
		72FFC5BC1A1D80D500657B36 /* TFAppDelegate.h */ = {isa = PBXFileReference; fileEncoding = 4; lastKnownFileType = sourcecode.c.h; path = TFAppDelegate.h; sourceTree = "<group>"; };
		72FFC5BD1A1D80D500657B36 /* TFAppDelegate.m */ = {isa = PBXFileReference; fileEncoding = 4; lastKnownFileType = sourcecode.c.objc; path = TFAppDelegate.m; sourceTree = "<group>"; };
		72FFC5BE1A1D80D500657B36 /* TFViewController.h */ = {isa = PBXFileReference; fileEncoding = 4; lastKnownFileType = sourcecode.c.h; path = TFViewController.h; sourceTree = "<group>"; };
		72FFC5BF1A1D80D500657B36 /* TFViewController.m */ = {isa = PBXFileReference; fileEncoding = 4; lastKnownFileType = sourcecode.c.objc; path = TFViewController.m; sourceTree = "<group>"; };
		7D371CD01A1F568E0006ADBA /* Stars_0.png */ = {isa = PBXFileReference; lastKnownFileType = image.png; name = Stars_0.png; path = ../Stars_0.png; sourceTree = "<group>"; };
		7D371CD11A1F568E0006ADBA /* Stars_1.png */ = {isa = PBXFileReference; lastKnownFileType = image.png; name = Stars_1.png; path = ../Stars_1.png; sourceTree = "<group>"; };
		7D371CD21A1F568E0006ADBA /* Stars_2.png */ = {isa = PBXFileReference; lastKnownFileType = image.png; name = Stars_2.png; path = ../Stars_2.png; sourceTree = "<group>"; };
		7D371CD31A1F568E0006ADBA /* Stars_3.png */ = {isa = PBXFileReference; lastKnownFileType = image.png; name = Stars_3.png; path = ../Stars_3.png; sourceTree = "<group>"; };
		7D371CD41A1F568E0006ADBA /* Stars_4.png */ = {isa = PBXFileReference; lastKnownFileType = image.png; name = Stars_4.png; path = ../Stars_4.png; sourceTree = "<group>"; };
		7D371CD51A1F568E0006ADBA /* Stars_5.png */ = {isa = PBXFileReference; lastKnownFileType = image.png; name = Stars_5.png; path = ../Stars_5.png; sourceTree = "<group>"; };
/* End PBXFileReference section */

/* Begin PBXFrameworksBuildPhase section */
		7229A6731A15CE4C0027E510 /* Frameworks */ = {
			isa = PBXFrameworksBuildPhase;
			buildActionMask = 2147483647;
			files = (
			);
			runOnlyForDeploymentPostprocessing = 0;
		};
		7229A68F1A15CE4D0027E510 /* Frameworks */ = {
			isa = PBXFrameworksBuildPhase;
			buildActionMask = 2147483647;
			files = (
			);
			runOnlyForDeploymentPostprocessing = 0;
		};
/* End PBXFrameworksBuildPhase section */

/* Begin PBXGroup section */
		7229A66D1A15CE4C0027E510 = {
			isa = PBXGroup;
			children = (
				7229A6781A15CE4C0027E510 /* CrowdMD */,
				7229A6951A15CE4D0027E510 /* CrowdMDTests */,
				7229A6771A15CE4C0027E510 /* Products */,
			);
			sourceTree = "<group>";
		};
		7229A6771A15CE4C0027E510 /* Products */ = {
			isa = PBXGroup;
			children = (
				7229A6761A15CE4C0027E510 /* CrowdMD.app */,
				7229A6921A15CE4D0027E510 /* CrowdMDTests.xctest */,
			);
			name = Products;
			sourceTree = "<group>";
		};
		7229A6781A15CE4C0027E510 /* CrowdMD */ = {
			isa = PBXGroup;
			children = (
				7237A6FF1A1F27F000920318 /* Pictures */,
				72FFC5AB1A1D80D500657B36 /* StarRating */,
				725EF9501A1A8985004BC94D /* MyTreatments */,
				725EF94F1A1A8969004BC94D /* Injury */,
				7229A67D1A15CE4C0027E510 /* AppDelegate.h */,
				7229A67E1A15CE4C0027E510 /* AppDelegate.m */,
				7229A6801A15CE4C0027E510 /* FirstViewController.h */,
				7229A6811A15CE4C0027E510 /* FirstViewController.m */,
				7229A6831A15CE4C0027E510 /* SecondViewController.h */,
				7229A6841A15CE4C0027E510 /* SecondViewController.m */,
				7229A6861A15CE4C0027E510 /* Main.storyboard */,
				7229A6891A15CE4C0027E510 /* Images.xcassets */,
				7229A68B1A15CE4C0027E510 /* LaunchScreen.xib */,
				7229A6791A15CE4C0027E510 /* Supporting Files */,
				725EF9571A1A953E004BC94D /* Treatment.h */,
				725EF9581A1A953E004BC94D /* Treatment.m */,
			);
			path = CrowdMD;
			sourceTree = "<group>";
		};
		7229A6791A15CE4C0027E510 /* Supporting Files */ = {
			isa = PBXGroup;
			children = (
				7229A67A1A15CE4C0027E510 /* Info.plist */,
				7229A67B1A15CE4C0027E510 /* main.m */,
			);
			name = "Supporting Files";
			sourceTree = "<group>";
		};
		7229A6951A15CE4D0027E510 /* CrowdMDTests */ = {
			isa = PBXGroup;
			children = (
				7229A6981A15CE4D0027E510 /* CrowdMDTests.m */,
				7229A6961A15CE4D0027E510 /* Supporting Files */,
			);
			path = CrowdMDTests;
			sourceTree = "<group>";
		};
		7229A6961A15CE4D0027E510 /* Supporting Files */ = {
			isa = PBXGroup;
			children = (
				7229A6971A15CE4D0027E510 /* Info.plist */,
			);
			name = "Supporting Files";
			sourceTree = "<group>";
		};
		7237A6FF1A1F27F000920318 /* Pictures */ = {
			isa = PBXGroup;
			children = (
				72084B7F1A1F5E4F00D9E37E /* elbowCortisone.jpg */,
				7D371CD01A1F568E0006ADBA /* Stars_0.png */,
				7D371CD11A1F568E0006ADBA /* Stars_1.png */,
				72084B7D1A1F5E3600D9E37E /* elbowPT.jpg */,
				7D371CD21A1F568E0006ADBA /* Stars_2.png */,
				7D371CD31A1F568E0006ADBA /* Stars_3.png */,
				7D371CD41A1F568E0006ADBA /* Stars_4.png */,
				7D371CD51A1F568E0006ADBA /* Stars_5.png */,
			);
			name = Pictures;
			sourceTree = "<group>";
		};
		725EF94F1A1A8969004BC94D /* Injury */ = {
			isa = PBXGroup;
			children = (
				725EF9491A1A7CA8004BC94D /* InjuryDetailViewController.h */,
				725EF94A1A1A7CA8004BC94D /* InjuryDetailViewController.m */,
				7229A6A81A15D78E0027E510 /* InjuryTableController.h */,
				725EF9461A1A7B65004BC94D /* Injury.h */,
				725EF9471A1A7B65004BC94D /* Injury.m */,
				7229A6A91A15D78F0027E510 /* InjuryTableController.m */,
				7229A6A21A15D1E50027E510 /* InjuryTableCell.h */,
				7229A6A31A15D1E50027E510 /* InjuryTableCell.m */,
			);
			name = Injury;
			sourceTree = "<group>";
		};
		725EF9501A1A8985004BC94D /* MyTreatments */ = {
			isa = PBXGroup;
			children = (
				725EF95A1A1A96D5004BC94D /* MyTreatment.h */,
				725EF95B1A1A96D5004BC94D /* MyTreatment.m */,
				725EF9511A1A8AEF004BC94D /* MyTreatmentTableCell.h */,
				725EF9521A1A8AEF004BC94D /* MyTreatmentTableCell.m */,
				725EF9541A1A8B76004BC94D /* MyTreatmentDetailViewController.h */,
				725EF9551A1A8B76004BC94D /* MyTreatmentDetailViewController.m */,
				72A973811A1C72C0004F61CC /* MyTreatmentViewController.h */,
				72A973821A1C72C0004F61CC /* MyTreatmentViewController.m */,
				729502EE1A1F3E40008A8A8B /* MyTreatmentInfoViewController.h */,
				729502EF1A1F3E40008A8A8B /* MyTreatmentInfoViewController.m */,
				72084B7A1A1F5BE300D9E37E /* FAKEMyTreatmentViewController.h */,
				72084B7B1A1F5BE300D9E37E /* FAKEMyTreatmentViewController.m */,
				72B33EE81A1F60C20037D8D4 /* FAKEMyTreatmentTableViewCell.h */,
				72B33EE91A1F60C20037D8D4 /* FAKEMyTreatmentTableViewCell.m */,
			);
			name = MyTreatments;
			sourceTree = "<group>";
		};
		72FFC5AB1A1D80D500657B36 /* StarRating */ = {
			isa = PBXGroup;
			children = (
				72FFC5AC1A1D80D500657B36 /* InfoPlist.strings */,
				72FFC5B01A1D80D500657B36 /* LICENSE */,
				72FFC5B31A1D80D500657B36 /* star.png */,
				72FFC5BA1A1D80D500657B36 /* StarRatingControl.h */,
				72FFC5B21A1D80D500657B36 /* README */,
				72FFC5BB1A1D80D500657B36 /* StarRatingControl.m */,
				72FFC5B41A1D80D500657B36 /* star.psd */,
				72FFC5B51A1D80D500657B36 /* star@2x.png */,
				72FFC5B61A1D80D500657B36 /* star_highlighted.png */,
				72FFC5B71A1D80D500657B36 /* star_highlighted@2x.png */,
				72FFC5B81A1D80D500657B36 /* StarRating-Info.plist */,
				72FFC5B91A1D80D500657B36 /* StarRating-Prefix.pch */,
				72FFC5BC1A1D80D500657B36 /* TFAppDelegate.h */,
				72FFC5BD1A1D80D500657B36 /* TFAppDelegate.m */,
				72FFC5BE1A1D80D500657B36 /* TFViewController.h */,
				72FFC5BF1A1D80D500657B36 /* TFViewController.m */,
			);
			path = StarRating;
			sourceTree = "<group>";
		};
/* End PBXGroup section */

/* Begin PBXNativeTarget section */
		7229A6751A15CE4C0027E510 /* CrowdMD */ = {
			isa = PBXNativeTarget;
			buildConfigurationList = 7229A69C1A15CE4D0027E510 /* Build configuration list for PBXNativeTarget "CrowdMD" */;
			buildPhases = (
				7229A6721A15CE4C0027E510 /* Sources */,
				7229A6731A15CE4C0027E510 /* Frameworks */,
				7229A6741A15CE4C0027E510 /* Resources */,
			);
			buildRules = (
			);
			dependencies = (
			);
			name = CrowdMD;
			productName = CrowdMD;
			productReference = 7229A6761A15CE4C0027E510 /* CrowdMD.app */;
			productType = "com.apple.product-type.application";
		};
		7229A6911A15CE4D0027E510 /* CrowdMDTests */ = {
			isa = PBXNativeTarget;
			buildConfigurationList = 7229A69F1A15CE4D0027E510 /* Build configuration list for PBXNativeTarget "CrowdMDTests" */;
			buildPhases = (
				7229A68E1A15CE4D0027E510 /* Sources */,
				7229A68F1A15CE4D0027E510 /* Frameworks */,
				7229A6901A15CE4D0027E510 /* Resources */,
			);
			buildRules = (
			);
			dependencies = (
				7229A6941A15CE4D0027E510 /* PBXTargetDependency */,
			);
			name = CrowdMDTests;
			productName = CrowdMDTests;
			productReference = 7229A6921A15CE4D0027E510 /* CrowdMDTests.xctest */;
			productType = "com.apple.product-type.bundle.unit-test";
		};
/* End PBXNativeTarget section */

/* Begin PBXProject section */
		7229A66E1A15CE4C0027E510 /* Project object */ = {
			isa = PBXProject;
			attributes = {
				LastUpgradeCheck = 0610;
				ORGANIZATIONNAME = "Baris, Chris, and Megan";
				TargetAttributes = {
					7229A6751A15CE4C0027E510 = {
						CreatedOnToolsVersion = 6.1;
					};
					7229A6911A15CE4D0027E510 = {
						CreatedOnToolsVersion = 6.1;
						TestTargetID = 7229A6751A15CE4C0027E510;
					};
				};
			};
			buildConfigurationList = 7229A6711A15CE4C0027E510 /* Build configuration list for PBXProject "CrowdMD" */;
			compatibilityVersion = "Xcode 3.2";
			developmentRegion = English;
			hasScannedForEncodings = 0;
			knownRegions = (
				en,
				Base,
			);
			mainGroup = 7229A66D1A15CE4C0027E510;
			productRefGroup = 7229A6771A15CE4C0027E510 /* Products */;
			projectDirPath = "";
			projectRoot = "";
			targets = (
				7229A6751A15CE4C0027E510 /* CrowdMD */,
				7229A6911A15CE4D0027E510 /* CrowdMDTests */,
			);
		};
/* End PBXProject section */

/* Begin PBXResourcesBuildPhase section */
		7229A6741A15CE4C0027E510 /* Resources */ = {
			isa = PBXResourcesBuildPhase;
			buildActionMask = 2147483647;
			files = (
				72FFC5CA1A1D80D500657B36 /* StarRating-Info.plist in Resources */,
				7D371CD81A1F568E0006ADBA /* Stars_2.png in Resources */,
				72FFC5C21A1D80D500657B36 /* LICENSE in Resources */,
				7229A6881A15CE4C0027E510 /* Main.storyboard in Resources */,
				72FFC5C01A1D80D500657B36 /* InfoPlist.strings in Resources */,
				72FFC5C61A1D80D500657B36 /* star.psd in Resources */,
				7229A68D1A15CE4C0027E510 /* LaunchScreen.xib in Resources */,
				72FFC5C71A1D80D500657B36 /* star@2x.png in Resources */,
				72084B801A1F5E4F00D9E37E /* elbowCortisone.jpg in Resources */,
				72FFC5C81A1D80D500657B36 /* star_highlighted.png in Resources */,
				72FFC5C51A1D80D500657B36 /* star.png in Resources */,
				7D371CD91A1F568E0006ADBA /* Stars_3.png in Resources */,
				7D371CD61A1F568E0006ADBA /* Stars_0.png in Resources */,
				7229A68A1A15CE4C0027E510 /* Images.xcassets in Resources */,
				72084B7E1A1F5E3600D9E37E /* elbowPT.jpg in Resources */,
				72FFC5C91A1D80D500657B36 /* star_highlighted@2x.png in Resources */,
				72FFC5C41A1D80D500657B36 /* README in Resources */,
				7D371CDB1A1F568E0006ADBA /* Stars_5.png in Resources */,
				7D371CD71A1F568E0006ADBA /* Stars_1.png in Resources */,
				7D371CDA1A1F568E0006ADBA /* Stars_4.png in Resources */,
			);
			runOnlyForDeploymentPostprocessing = 0;
		};
		7229A6901A15CE4D0027E510 /* Resources */ = {
			isa = PBXResourcesBuildPhase;
			buildActionMask = 2147483647;
			files = (
			);
			runOnlyForDeploymentPostprocessing = 0;
		};
/* End PBXResourcesBuildPhase section */

/* Begin PBXSourcesBuildPhase section */
		7229A6721A15CE4C0027E510 /* Sources */ = {
			isa = PBXSourcesBuildPhase;
			buildActionMask = 2147483647;
			files = (
				72FFC5CC1A1D80D500657B36 /* TFAppDelegate.m in Sources */,
				725EF95C1A1A96D5004BC94D /* MyTreatment.m in Sources */,
				72FFC5CD1A1D80D500657B36 /* TFViewController.m in Sources */,
				7229A6851A15CE4C0027E510 /* SecondViewController.m in Sources */,
				72B33EEA1A1F60C20037D8D4 /* FAKEMyTreatmentTableViewCell.m in Sources */,
				725EF9531A1A8AEF004BC94D /* MyTreatmentTableCell.m in Sources */,
				72FFC5CB1A1D80D500657B36 /* StarRatingControl.m in Sources */,
				729502F01A1F3E40008A8A8B /* MyTreatmentInfoViewController.m in Sources */,
				7229A67F1A15CE4C0027E510 /* AppDelegate.m in Sources */,
				725EF9561A1A8B76004BC94D /* MyTreatmentDetailViewController.m in Sources */,
				7229A6821A15CE4C0027E510 /* FirstViewController.m in Sources */,
				725EF9591A1A953E004BC94D /* Treatment.m in Sources */,
				7229A6A41A15D1E50027E510 /* InjuryTableCell.m in Sources */,
				725EF94B1A1A7CA8004BC94D /* InjuryDetailViewController.m in Sources */,
				725EF9481A1A7B65004BC94D /* Injury.m in Sources */,
				7229A6AA1A15D78F0027E510 /* InjuryTableController.m in Sources */,
				7229A67C1A15CE4C0027E510 /* main.m in Sources */,
				72084B7C1A1F5BE300D9E37E /* FAKEMyTreatmentViewController.m in Sources */,
				72A973831A1C72C0004F61CC /* MyTreatmentViewController.m in Sources */,
			);
			runOnlyForDeploymentPostprocessing = 0;
		};
		7229A68E1A15CE4D0027E510 /* Sources */ = {
			isa = PBXSourcesBuildPhase;
			buildActionMask = 2147483647;
			files = (
				7229A6991A15CE4D0027E510 /* CrowdMDTests.m in Sources */,
			);
			runOnlyForDeploymentPostprocessing = 0;
		};
/* End PBXSourcesBuildPhase section */

/* Begin PBXTargetDependency section */
		7229A6941A15CE4D0027E510 /* PBXTargetDependency */ = {
			isa = PBXTargetDependency;
			target = 7229A6751A15CE4C0027E510 /* CrowdMD */;
			targetProxy = 7229A6931A15CE4D0027E510 /* PBXContainerItemProxy */;
		};
/* End PBXTargetDependency section */

/* Begin PBXVariantGroup section */
		7229A6861A15CE4C0027E510 /* Main.storyboard */ = {
			isa = PBXVariantGroup;
			children = (
				7229A6871A15CE4C0027E510 /* Base */,
			);
			name = Main.storyboard;
			sourceTree = "<group>";
		};
		7229A68B1A15CE4C0027E510 /* LaunchScreen.xib */ = {
			isa = PBXVariantGroup;
			children = (
				7229A68C1A15CE4C0027E510 /* Base */,
			);
			name = LaunchScreen.xib;
			sourceTree = "<group>";
		};
		72FFC5AC1A1D80D500657B36 /* InfoPlist.strings */ = {
			isa = PBXVariantGroup;
			children = (
				72FFC5AD1A1D80D500657B36 /* en */,
			);
			name = InfoPlist.strings;
			sourceTree = "<group>";
		};
/* End PBXVariantGroup section */

/* Begin XCBuildConfiguration section */
		7229A69A1A15CE4D0027E510 /* Debug */ = {
			isa = XCBuildConfiguration;
			buildSettings = {
				ALWAYS_SEARCH_USER_PATHS = NO;
				CLANG_CXX_LANGUAGE_STANDARD = "gnu++0x";
				CLANG_CXX_LIBRARY = "libc++";
				CLANG_ENABLE_MODULES = YES;
				CLANG_ENABLE_OBJC_ARC = YES;
				CLANG_WARN_BOOL_CONVERSION = YES;
				CLANG_WARN_CONSTANT_CONVERSION = YES;
				CLANG_WARN_DIRECT_OBJC_ISA_USAGE = YES_ERROR;
				CLANG_WARN_EMPTY_BODY = YES;
				CLANG_WARN_ENUM_CONVERSION = YES;
				CLANG_WARN_INT_CONVERSION = YES;
				CLANG_WARN_OBJC_ROOT_CLASS = YES_ERROR;
				CLANG_WARN_UNREACHABLE_CODE = YES;
				CLANG_WARN__DUPLICATE_METHOD_MATCH = YES;
				"CODE_SIGN_IDENTITY[sdk=iphoneos*]" = "iPhone Developer";
				COPY_PHASE_STRIP = NO;
				ENABLE_STRICT_OBJC_MSGSEND = YES;
				GCC_C_LANGUAGE_STANDARD = gnu99;
				GCC_DYNAMIC_NO_PIC = NO;
				GCC_OPTIMIZATION_LEVEL = 0;
				GCC_PREPROCESSOR_DEFINITIONS = (
					"DEBUG=1",
					"$(inherited)",
				);
				GCC_SYMBOLS_PRIVATE_EXTERN = NO;
				GCC_WARN_64_TO_32_BIT_CONVERSION = YES;
				GCC_WARN_ABOUT_RETURN_TYPE = YES_ERROR;
				GCC_WARN_UNDECLARED_SELECTOR = YES;
				GCC_WARN_UNINITIALIZED_AUTOS = YES_AGGRESSIVE;
				GCC_WARN_UNUSED_FUNCTION = YES;
				GCC_WARN_UNUSED_VARIABLE = YES;
				IPHONEOS_DEPLOYMENT_TARGET = 8.1;
				MTL_ENABLE_DEBUG_INFO = YES;
				ONLY_ACTIVE_ARCH = YES;
				SDKROOT = iphoneos;
			};
			name = Debug;
		};
		7229A69B1A15CE4D0027E510 /* Release */ = {
			isa = XCBuildConfiguration;
			buildSettings = {
				ALWAYS_SEARCH_USER_PATHS = NO;
				CLANG_CXX_LANGUAGE_STANDARD = "gnu++0x";
				CLANG_CXX_LIBRARY = "libc++";
				CLANG_ENABLE_MODULES = YES;
				CLANG_ENABLE_OBJC_ARC = YES;
				CLANG_WARN_BOOL_CONVERSION = YES;
				CLANG_WARN_CONSTANT_CONVERSION = YES;
				CLANG_WARN_DIRECT_OBJC_ISA_USAGE = YES_ERROR;
				CLANG_WARN_EMPTY_BODY = YES;
				CLANG_WARN_ENUM_CONVERSION = YES;
				CLANG_WARN_INT_CONVERSION = YES;
				CLANG_WARN_OBJC_ROOT_CLASS = YES_ERROR;
				CLANG_WARN_UNREACHABLE_CODE = YES;
				CLANG_WARN__DUPLICATE_METHOD_MATCH = YES;
				"CODE_SIGN_IDENTITY[sdk=iphoneos*]" = "iPhone Developer";
				COPY_PHASE_STRIP = YES;
				ENABLE_NS_ASSERTIONS = NO;
				ENABLE_STRICT_OBJC_MSGSEND = YES;
				GCC_C_LANGUAGE_STANDARD = gnu99;
				GCC_WARN_64_TO_32_BIT_CONVERSION = YES;
				GCC_WARN_ABOUT_RETURN_TYPE = YES_ERROR;
				GCC_WARN_UNDECLARED_SELECTOR = YES;
				GCC_WARN_UNINITIALIZED_AUTOS = YES_AGGRESSIVE;
				GCC_WARN_UNUSED_FUNCTION = YES;
				GCC_WARN_UNUSED_VARIABLE = YES;
				IPHONEOS_DEPLOYMENT_TARGET = 8.1;
				MTL_ENABLE_DEBUG_INFO = NO;
				SDKROOT = iphoneos;
				VALIDATE_PRODUCT = YES;
			};
			name = Release;
		};
		7229A69D1A15CE4D0027E510 /* Debug */ = {
			isa = XCBuildConfiguration;
			buildSettings = {
				ASSETCATALOG_COMPILER_APPICON_NAME = AppIcon;
				INFOPLIST_FILE = CrowdMD/Info.plist;
				LD_RUNPATH_SEARCH_PATHS = "$(inherited) @executable_path/Frameworks";
				PRODUCT_NAME = "$(TARGET_NAME)";
			};
			name = Debug;
		};
		7229A69E1A15CE4D0027E510 /* Release */ = {
			isa = XCBuildConfiguration;
			buildSettings = {
				ASSETCATALOG_COMPILER_APPICON_NAME = AppIcon;
				INFOPLIST_FILE = CrowdMD/Info.plist;
				LD_RUNPATH_SEARCH_PATHS = "$(inherited) @executable_path/Frameworks";
				PRODUCT_NAME = "$(TARGET_NAME)";
			};
			name = Release;
		};
		7229A6A01A15CE4D0027E510 /* Debug */ = {
			isa = XCBuildConfiguration;
			buildSettings = {
				BUNDLE_LOADER = "$(TEST_HOST)";
				FRAMEWORK_SEARCH_PATHS = (
					"$(SDKROOT)/Developer/Library/Frameworks",
					"$(inherited)",
				);
				GCC_PREPROCESSOR_DEFINITIONS = (
					"DEBUG=1",
					"$(inherited)",
				);
				INFOPLIST_FILE = CrowdMDTests/Info.plist;
				LD_RUNPATH_SEARCH_PATHS = "$(inherited) @executable_path/Frameworks @loader_path/Frameworks";
				PRODUCT_NAME = "$(TARGET_NAME)";
				TEST_HOST = "$(BUILT_PRODUCTS_DIR)/CrowdMD.app/CrowdMD";
			};
			name = Debug;
		};
		7229A6A11A15CE4D0027E510 /* Release */ = {
			isa = XCBuildConfiguration;
			buildSettings = {
				BUNDLE_LOADER = "$(TEST_HOST)";
				FRAMEWORK_SEARCH_PATHS = (
					"$(SDKROOT)/Developer/Library/Frameworks",
					"$(inherited)",
				);
				INFOPLIST_FILE = CrowdMDTests/Info.plist;
				LD_RUNPATH_SEARCH_PATHS = "$(inherited) @executable_path/Frameworks @loader_path/Frameworks";
				PRODUCT_NAME = "$(TARGET_NAME)";
				TEST_HOST = "$(BUILT_PRODUCTS_DIR)/CrowdMD.app/CrowdMD";
			};
			name = Release;
		};
/* End XCBuildConfiguration section */

/* Begin XCConfigurationList section */
		7229A6711A15CE4C0027E510 /* Build configuration list for PBXProject "CrowdMD" */ = {
			isa = XCConfigurationList;
			buildConfigurations = (
				7229A69A1A15CE4D0027E510 /* Debug */,
				7229A69B1A15CE4D0027E510 /* Release */,
			);
			defaultConfigurationIsVisible = 0;
			defaultConfigurationName = Release;
		};
		7229A69C1A15CE4D0027E510 /* Build configuration list for PBXNativeTarget "CrowdMD" */ = {
			isa = XCConfigurationList;
			buildConfigurations = (
				7229A69D1A15CE4D0027E510 /* Debug */,
				7229A69E1A15CE4D0027E510 /* Release */,
			);
			defaultConfigurationIsVisible = 0;
			defaultConfigurationName = Release;
		};
		7229A69F1A15CE4D0027E510 /* Build configuration list for PBXNativeTarget "CrowdMDTests" */ = {
			isa = XCConfigurationList;
			buildConfigurations = (
				7229A6A01A15CE4D0027E510 /* Debug */,
				7229A6A11A15CE4D0027E510 /* Release */,
			);
			defaultConfigurationIsVisible = 0;
			defaultConfigurationName = Release;
		};
/* End XCConfigurationList section */
	};
	rootObject = 7229A66E1A15CE4C0027E510 /* Project object */;
}
